
Microsoft Visual Studio Solution File, Format Version 12.00
# Visual Studio Version 17
VisualStudioVersion = 17.13.35913.81 d17.13
MinimumVisualStudioVersion = 10.0.40219.1
Project("{FAE04EC0-301F-11D3-BF4B-00C04F79EFBC}") = "testing", "testing\testing.csproj", "{BDB40ADE-B0F2-4FC7-AD52-9ED5658ECC5F}"
EndProject
Global
	GlobalSection(SolutionConfigurationPlatforms) = preSolution
		Debug|Any CPU = Debug|Any CPU
		Release|Any CPU = Release|Any CPU
	EndGlobalSection
	GlobalSection(ProjectConfigurationPlatforms) = postSolution
		{BDB40ADE-B0F2-4FC7-AD52-9ED5658ECC5F}.Debug|Any CPU.ActiveCfg = Debug|Any CPU
		{BDB40ADE-B0F2-4FC7-AD52-9ED5658ECC5F}.Debug|Any CPU.Build.0 = Debug|Any CPU
		{BDB40ADE-B0F2-4FC7-AD52-9ED5658ECC5F}.Release|Any CPU.ActiveCfg = Release|Any CPU
		{BDB40ADE-B0F2-4FC7-AD52-9ED5658ECC5F}.Release|Any CPU.Build.0 = Release|Any CPU
	EndGlobalSection
	GlobalSection(SolutionProperties) = preSolution
		HideSolutionNode = FALSE
	EndGlobalSection
	GlobalSection(ExtensibilityGlobals) = postSolution
		SolutionGuid = {FF76C771-1641-4D09-ABF6-173A4C1F3A31}
	EndGlobalSection
EndGlobal
